
Microsoft Visual Studio Solution File, Format Version 12.00
# Visual Studio Version 16
VisualStudioVersion = 16.0.28917.181
MinimumVisualStudioVersion = 10.0.40219.1
Project("{FAE04EC0-301F-11D3-BF4B-00C04F79EFBC}") = "Pacman", "Pacman\Pacman.csproj", "{C303B52C-07F1-461B-A2F5-C119FA5D0384}"
EndProject
Global
	GlobalSection(SolutionConfigurationPlatforms) = preSolution
		Debug|Any CPU = Debug|Any CPU
		Release|Any CPU = Release|Any CPU
	EndGlobalSection
	GlobalSection(ProjectConfigurationPlatforms) = postSolution
		{C303B52C-07F1-461B-A2F5-C119FA5D0384}.Debug|Any CPU.ActiveCfg = Debug|Any CPU
		{C303B52C-07F1-461B-A2F5-C119FA5D0384}.Debug|Any CPU.Build.0 = Debug|Any CPU
		{C303B52C-07F1-461B-A2F5-C119FA5D0384}.Release|Any CPU.ActiveCfg = Release|Any CPU
		{C303B52C-07F1-461B-A2F5-C119FA5D0384}.Release|Any CPU.Build.0 = Release|Any CPU
	EndGlobalSection
	GlobalSection(SolutionProperties) = preSolution
		HideSolutionNode = FALSE
	EndGlobalSection
	GlobalSection(ExtensibilityGlobals) = postSolution
		SolutionGuid = {4C44A28D-46AB-4D90-A502-1173DF6F45D5}
	EndGlobalSection
EndGlobal
